# THIS IS AN AUTOGENERATED FILE. DO NOT EDIT THIS FILE DIRECTLY.
# yarn lockfile v1


command-exists@1.2.6:
  version "1.2.6"
  resolved "https://registry.yarnpkg.com/command-exists/-/command-exists-1.2.6.tgz#577f8e5feb0cb0f159cd557a51a9be1bdd76e09e"
  integrity sha512-Qst/zUUNmS/z3WziPxyqjrcz09pm+2Knbs5mAZL4VAE0sSrNY1/w8+/YxeHcoBTsO6iojA6BW7eFf27Eg2MRuw==

commander@^2.11.0:
  version "2.20.3"
  resolved "https://registry.yarnpkg.com/commander/-/commander-2.20.3.tgz#fd485e84c03eb4881c20722ba48035e8531aeb33"
  integrity sha512-GpVkmM8vF2vQUkj2LvZmD35JxeJOLCwJ9cUkugyk2nuhbv3+mJvpLYYt+0+USMxE+oj+ey/lJEnhZw75x/OMcQ==

crypto-random-string@^1.0.0:
  version "1.0.0"
  resolved "https://registry.yarnpkg.com/crypto-random-string/-/crypto-random-string-1.0.0.tgz#a230f64f568310e1498009940790ec99545bca7e"
  integrity sha1-ojD2T1aDEOFJgAmUB5DsmVRbyn4=

flow-bin@^0.114.0:
  version "0.114.0"
  resolved "https://registry.yarnpkg.com/flow-bin/-/flow-bin-0.114.0.tgz#9079c5fcdf08fab4db91616f38994e9b7d035842"
  integrity sha512-hewufX0nbnhemQn5XtJ97nEFNqoBclPBAZ54aY3jKuZJnLpwqB7Doaplet3M26TOh2NchBsU0+lUkM8oVna2VA==

fs-extra@^7.0.0:
  version "7.0.1"
  resolved "https://registry.yarnpkg.com/fs-extra/-/fs-extra-7.0.1.tgz#4f189c44aa123b895f722804f55ea23eadc348e9"
  integrity sha512-YJDaCJZEnBmcbw13fvdAM9AwNOJwOzrE4pqMqBq5nFiEqXUqHwlK4B+3pUw6JNvfSPtX05xFHtYy/1ni01eGCw==
  dependencies:
    graceful-fs "^4.1.2"
    jsonfile "^4.0.0"
    universalify "^0.1.0"

graceful-fs@^4.1.2, graceful-fs@^4.1.6:
  version "4.2.3"
  resolved "https://registry.yarnpkg.com/graceful-fs/-/graceful-fs-4.2.3.tgz#4a12ff1b60376ef09862c2093edd908328be8423"
  integrity sha512-a30VEBm4PEdx1dRB7MFK7BejejvCvBronbLjht+sHuGYj8PHs7M/5Z+rt5lw551vZ7yfTCj4Vuyy3mSJytDWRQ==

jsonfile@^4.0.0:
  version "4.0.0"
  resolved "https://registry.yarnpkg.com/jsonfile/-/jsonfile-4.0.0.tgz#8771aae0799b64076b76640fca058f9c10e33ecb"
  integrity sha1-h3Gq4HmbZAdrdmQPygWPnBDjPss=
  optionalDependencies:
    graceful-fs "^4.1.6"

now@^16.7.0:
  version "16.7.0"
  resolved "https://registry.yarnpkg.com/now/-/now-16.7.0.tgz#4a1f1588410e7cbe9ca8d2c3fdcdc61e7116e8cc"
  integrity sha512-YUMFYphAxcLE441/o2h55QgtXerF3M0GlQgy7ihJhPcz6OsllCqGgxaN5/XgnAJOlgKCW84HxSB8ZzCY55H4lQ==

p-debounce@^1.0.0:
  version "1.0.0"
  resolved "https://registry.yarnpkg.com/p-debounce/-/p-debounce-1.0.0.tgz#cb7f2cbeefd87a09eba861e112b67527e621e2fd"
  integrity sha1-y38svu/YegnrqGHhErZ1J+Yh4v0=

temp-dir@^1.0.0:
  version "1.0.0"
  resolved "https://registry.yarnpkg.com/temp-dir/-/temp-dir-1.0.0.tgz#0a7c0ea26d3a39afa7e0ebea9c1fc0bc4daa011d"
  integrity sha1-CnwOom06Oa+n4OvqnB/AvE2qAR0=

tempy@^0.2.1:
  version "0.2.1"
  resolved "https://registry.yarnpkg.com/tempy/-/tempy-0.2.1.tgz#9038e4dbd1c201b74472214179bc2c6f7776e54c"
  integrity sha512-LB83o9bfZGrntdqPuRdanIVCPReam9SOZKW0fOy5I9X3A854GGWi0tjCqoXEk84XIEYBc/x9Hq3EFop/H5wJaw==
  dependencies:
    temp-dir "^1.0.0"
    unique-string "^1.0.0"

typescript-language-server@^0.4.0:
  version "0.4.0"
  resolved "https://registry.yarnpkg.com/typescript-language-server/-/typescript-language-server-0.4.0.tgz#9b4aee8e001a69fcd152459a6cc1a08283db9193"
  integrity sha512-K8jNOmDFn+QfrCh8ujby2pGDs5rpjYZQn+zvQnf42rxG4IHbfw5CHoMvbGkWPK/J5Gw8/l5K3i03kVZC2IBElg==
  dependencies:
    command-exists "1.2.6"
    commander "^2.11.0"
    fs-extra "^7.0.0"
    p-debounce "^1.0.0"
    tempy "^0.2.1"
    vscode-languageserver "^5.3.0-next"
    vscode-uri "^1.0.5"

typescript@^2.9.1:
  version "2.9.2"
  resolved "https://registry.yarnpkg.com/typescript/-/typescript-2.9.2.tgz#1cbf61d05d6b96269244eb6a3bce4bd914e0f00c"
  integrity sha512-Gr4p6nFNaoufRIY4NMdpQRNmgxVIGMs4Fcu/ujdYk3nAZqk7supzBE9idmvfZIlH/Cuj//dvi+019qEue9lV0w==

unique-string@^1.0.0:
  version "1.0.0"
  resolved "https://registry.yarnpkg.com/unique-string/-/unique-string-1.0.0.tgz#9e1057cca851abb93398f8b33ae187b99caec11a"
  integrity sha1-nhBXzKhRq7kzmPizOuGHuZyuwRo=
  dependencies:
    crypto-random-string "^1.0.0"

universalify@^0.1.0:
  version "0.1.2"
  resolved "https://registry.yarnpkg.com/universalify/-/universalify-0.1.2.tgz#b646f69be3942dabcecc9d6639c80dc105efaa66"
  integrity sha512-rBJeI5CXAlmy1pV+617WB9J63U6XcazHHF2f2dbJix4XzpUF0RS3Zbj0FGIOCAva5P/d/GBOYaACQ1w+0azUkg==

vscode-css-languageserver-bin@^1.4.0:
  version "1.4.0"
  resolved "https://registry.yarnpkg.com/vscode-css-languageserver-bin/-/vscode-css-languageserver-bin-1.4.0.tgz#d9ebf3c4c9df0dcab96abc4abc6f79daf6408508"
  integrity sha512-KWrF5f4RYYe8RBDfqb1c0Sdf9xPS2Ly/Z/T18H+uUOMw2QyzIrkxv4bMKy5GFfPm4479k6Ln4ji4UHqSmhGf3g==
  dependencies:
    vscode-css-languageservice "^3.0.9-next.18"
    vscode-languageserver "^4.1.3"
    vscode-languageserver-protocol-foldingprovider "^2.0.1"

vscode-css-languageservice@^3.0.9-next.18:
  version "3.0.13"
  resolved "https://registry.yarnpkg.com/vscode-css-languageservice/-/vscode-css-languageservice-3.0.13.tgz#1788735b65fde54181ea458e6a52cc2bd6dd9126"
  integrity sha512-RWkO/c/A7iXhHEy3OuEqkCqavDjpD4NF2Ca8vjai+ZtEYNeHrm1ybTnBYLP4Ft1uXvvaaVtYA9HrDjD6+CUONg==
  dependencies:
    vscode-languageserver-types "^3.13.0"
    vscode-nls "^4.0.0"

vscode-html-languageserver-bin@^1.4.0:
  version "1.4.0"
  resolved "https://registry.yarnpkg.com/vscode-html-languageserver-bin/-/vscode-html-languageserver-bin-1.4.0.tgz#7deafc244e966ee3aeb61fc098be7885b4226644"
  integrity sha512-rDnpvASQwf1dlRaGiu8edo5WlAr4dM3/r/dcPCH4O6UD4+eShhdC1E8IyiSisnJU6bRk+4mDTCgA6cyhGJY2xA==
  dependencies:
    typescript "^2.9.1"
    vscode-css-languageservice "^3.0.9-next.18"
    vscode-html-languageservice "^2.1.3-next.5"
    vscode-languageserver "^4.1.3"
    vscode-languageserver-protocol-foldingprovider "^2.0.1"
    vscode-languageserver-types "^3.7.2"
    vscode-nls "^3.2.2"
    vscode-uri "^1.0.3"

vscode-html-languageservice@^2.1.3-next.5:
  version "2.1.12"
  resolved "https://registry.yarnpkg.com/vscode-html-languageservice/-/vscode-html-languageservice-2.1.12.tgz#b4f9e23cac6fea74d4c9825fb4a4ef9bf313785e"
  integrity sha512-mIb5VMXM5jI97HzCk2eadI1K//rCEZXte0wBqA7PGXsyJH4KTyJUaYk9MR+mbfpUl2vMi3HZw9GUOLGYLc6l5w==
  dependencies:
    vscode-languageserver-types "^3.13.0"
    vscode-nls "^4.0.0"
    vscode-uri "^1.0.6"

vscode-jsonrpc@^4.0.0:
  version "4.0.0"
  resolved "https://registry.yarnpkg.com/vscode-jsonrpc/-/vscode-jsonrpc-4.0.0.tgz#a7bf74ef3254d0a0c272fab15c82128e378b3be9"
  integrity sha512-perEnXQdQOJMTDFNv+UF3h1Y0z4iSiaN9jIlb0OqIYgosPCZGYh/MCUlkFtV2668PL69lRDO32hmvL2yiidUYg==

vscode-jsonrpc@^5.0.0-next.5:
  version "5.0.0-next.5"
  resolved "https://registry.yarnpkg.com/vscode-jsonrpc/-/vscode-jsonrpc-5.0.0-next.5.tgz#43284da590b86320e427c3256bbe6849d8c6a6bd"
  integrity sha512-k9akfglxWgr0dtLNscq2uBq48XJwnhf4EaDxn05KQowRwR0DkNML0zeYqFRLtXZe6x5vpL5ppyu4o6GqL+23YQ==

vscode-languageserver-protocol-foldingprovider@^2.0.1:
  version "2.0.1"
  resolved "https://registry.yarnpkg.com/vscode-languageserver-protocol-foldingprovider/-/vscode-languageserver-protocol-foldingprovider-2.0.1.tgz#051d0d9e58d1b79dc4681acd48f21797f5515bfd"
  integrity sha512-N8bOS8i0xuQMn/y0bijyefDbOsMl6hiH6LDREYWavTLTM5jbj44EiQfStsbmAv/0eaFKkL/jf5hW7nWwBy2HBw==
  dependencies:
    vscode-languageserver-protocol "^3.7.2"
    vscode-languageserver-types "^3.7.2"

vscode-languageserver-protocol@^3.10.3, vscode-languageserver-protocol@^3.7.2:
  version "3.14.1"
  resolved "https://registry.yarnpkg.com/vscode-languageserver-protocol/-/vscode-languageserver-protocol-3.14.1.tgz#b8aab6afae2849c84a8983d39a1cf742417afe2f"
  integrity sha512-IL66BLb2g20uIKog5Y2dQ0IiigW0XKrvmWiOvc0yXw80z3tMEzEnHjaGAb3ENuU7MnQqgnYJ1Cl2l9RvNgDi4g==
  dependencies:
    vscode-jsonrpc "^4.0.0"
    vscode-languageserver-types "3.14.0"

vscode-languageserver-protocol@^3.15.0-next.8:
  version "3.15.0-next.14"
  resolved "https://registry.yarnpkg.com/vscode-languageserver-protocol/-/vscode-languageserver-protocol-3.15.0-next.14.tgz#e7eb337f1adb50b4a41c05d436ce03c8df1f4d14"
  integrity sha512-xUwwno6Q6RFd2Z2EWV9D3dQlsKPnHyiZMNWq+EC7JJdp2WH1gRlD+KPX4UGRCnJK0WI5omqHV313IESPwRY5xA==
  dependencies:
    vscode-jsonrpc "^5.0.0-next.5"
    vscode-languageserver-types "^3.15.0-next.9"

vscode-languageserver-types@3.14.0, vscode-languageserver-types@^3.13.0, vscode-languageserver-types@^3.7.2:
  version "3.14.0"
  resolved "https://registry.yarnpkg.com/vscode-languageserver-types/-/vscode-languageserver-types-3.14.0.tgz#d3b5952246d30e5241592b6dde8280e03942e743"
  integrity sha512-lTmS6AlAlMHOvPQemVwo3CezxBp0sNB95KNPkqp3Nxd5VFEnuG1ByM0zlRWos0zjO3ZWtkvhal0COgiV1xIA4A==

vscode-languageserver-types@^3.15.0-next.9:
  version "3.15.0-next.9"
  resolved "https://registry.yarnpkg.com/vscode-languageserver-types/-/vscode-languageserver-types-3.15.0-next.9.tgz#957a9d1d5998a02edf62298fb7e37d9efcc6c157"
  integrity sha512-Rl/8qJ6932nrHCdPn+9y0x08uLVQaSLRG+U4JzhyKpWU4eJbVaDRoAcz1Llj7CErJGbPr6kdBvShPy5fRfR+Uw==

vscode-languageserver@^4.1.3:
  version "4.4.2"
  resolved "https://registry.yarnpkg.com/vscode-languageserver/-/vscode-languageserver-4.4.2.tgz#600ae9cc7a6ff1e84d93c7807840c2cb5b22821b"
  integrity sha512-61y8Raevi9EigDgg9NelvT9cUAohiEbUl1LOwQQgOCAaNX62yKny/ddi0uC+FUTm4CzsjhBu+06R+vYgfCYReA==
  dependencies:
    vscode-languageserver-protocol "^3.10.3"
    vscode-uri "^1.0.5"

vscode-languageserver@^5.3.0-next:
  version "5.3.0-next.10"
  resolved "https://registry.yarnpkg.com/vscode-languageserver/-/vscode-languageserver-5.3.0-next.10.tgz#995fe8b57fc4eb9fea0d11762d3a803de4278995"
  integrity sha512-QL7Fe1FT6PdLtVzwJeZ78pTic4eZbzLRy7yAQgPb9xalqqgZESR0+yDZPwJrM3E7PzOmwHBceYcJR54eQZ7Kng==
  dependencies:
    vscode-languageserver-protocol "^3.15.0-next.8"
    vscode-textbuffer "^1.0.0"

vscode-nls@^3.2.2:
  version "3.2.5"
  resolved "https://registry.yarnpkg.com/vscode-nls/-/vscode-nls-3.2.5.tgz#25520c1955108036dec607c85e00a522f247f1a4"
  integrity sha512-ITtoh3V4AkWXMmp3TB97vsMaHRgHhsSFPsUdzlueSL+dRZbSNTZeOmdQv60kjCV306ghPxhDeoNUEm3+EZMuyw==

vscode-nls@^4.0.0:
  version "4.1.1"
  resolved "https://registry.yarnpkg.com/vscode-nls/-/vscode-nls-4.1.1.tgz#f9916b64e4947b20322defb1e676a495861f133c"
  integrity sha512-4R+2UoUUU/LdnMnFjePxfLqNhBS8lrAFyX7pjb2ud/lqDkrUavFUTcG7wR0HBZFakae0Q6KLBFjMS6W93F403A==

vscode-textbuffer@^1.0.0:
  version "1.0.0"
  resolved "https://registry.yarnpkg.com/vscode-textbuffer/-/vscode-textbuffer-1.0.0.tgz#1faee638c8e0e4131c8d5c353993a1874acda086"
  integrity sha512-zPaHo4urgpwsm+PrJWfNakolRpryNja18SUip/qIIsfhuEqEIPEXMxHOlFPjvDC4JgTaimkncNW7UMXRJTY6ow==

vscode-uri@^1.0.3, vscode-uri@^1.0.5, vscode-uri@^1.0.6:
  version "1.0.8"
  resolved "https://registry.yarnpkg.com/vscode-uri/-/vscode-uri-1.0.8.tgz#9769aaececae4026fb6e22359cb38946580ded59"
  integrity sha512-obtSWTlbJ+a+TFRYGaUumtVwb+InIUVI0Lu0VBUAPmj2cU5JutEXg3xUE0c2J5Tcy7h2DEKVJBFi+Y9ZSFzzPQ==
